
Microsoft Visual Studio Solution File, Format Version 12.00
# Visual Studio Version 16
VisualStudioVersion = 16.0.32228.343
MinimumVisualStudioVersion = 10.0.40219.1
Project("{FAE04EC0-301F-11D3-BF4B-00C04F79EFBC}") = "Task_1", "Task_1\Task_1.csproj", "{94084026-CDA6-4E72-894C-8E0943D74ED4}"
EndProject
Global
	GlobalSection(SolutionConfigurationPlatforms) = preSolution
		Debug|Any CPU = Debug|Any CPU
		Release|Any CPU = Release|Any CPU
	EndGlobalSection
	GlobalSection(ProjectConfigurationPlatforms) = postSolution
		{94084026-CDA6-4E72-894C-8E0943D74ED4}.Debug|Any CPU.ActiveCfg = Debug|Any CPU
		{94084026-CDA6-4E72-894C-8E0943D74ED4}.Debug|Any CPU.Build.0 = Debug|Any CPU
		{94084026-CDA6-4E72-894C-8E0943D74ED4}.Release|Any CPU.ActiveCfg = Release|Any CPU
		{94084026-CDA6-4E72-894C-8E0943D74ED4}.Release|Any CPU.Build.0 = Release|Any CPU
	EndGlobalSection
	GlobalSection(SolutionProperties) = preSolution
		HideSolutionNode = FALSE
	EndGlobalSection
	GlobalSection(ExtensibilityGlobals) = postSolution
		SolutionGuid = {99881180-DF5B-4AC5-96E2-5CD90D060D55}
	EndGlobalSection
EndGlobal
